
Microsoft Visual Studio Solution File, Format Version 12.00
# Visual Studio Version 17
VisualStudioVersion = 17.8.34330.188
MinimumVisualStudioVersion = 10.0.40219.1
Project("{9A19103F-16F7-4668-BE54-9A1E7A4F7556}") = "Demo01Classes", "POOCSharp\Demo01Classes.csproj", "{3D9A3965-6BCB-47B9-B722-EAE28D42F50D}"
EndProject
Project("{2150E333-8FDC-42A3-9474-1A3956D46DE8}") = "Exo Force", "Exo Force", "{450B709A-C737-4BEF-BEE0-886631736B72}"
EndProject
Project("{9A19103F-16F7-4668-BE54-9A1E7A4F7556}") = "ConsoleApp1", "ConsoleApp1\ConsoleApp1.csproj", "{3EDDD961-1735-4A6B-A682-EABE5716B460}"
EndProject
Project("{9A19103F-16F7-4668-BE54-9A1E7A4F7556}") = "exo salaire", "exo salaire\exo salaire.csproj", "{A4FDCB61-61BF-4C27-B827-F2D40F9C79EA}"
EndProject
Project("{FAE04EC0-301F-11D3-BF4B-00C04F79EFBC}") = "Citerne", "Citerne\Citerne.csproj", "{AC427CBD-ED88-4341-A13D-CC7D233B986D}"
EndProject
Global
	GlobalSection(SolutionConfigurationPlatforms) = preSolution
		Debug|Any CPU = Debug|Any CPU
		Release|Any CPU = Release|Any CPU
	EndGlobalSection
	GlobalSection(ProjectConfigurationPlatforms) = postSolution
		{3D9A3965-6BCB-47B9-B722-EAE28D42F50D}.Debug|Any CPU.ActiveCfg = Debug|Any CPU
		{3D9A3965-6BCB-47B9-B722-EAE28D42F50D}.Debug|Any CPU.Build.0 = Debug|Any CPU
		{3D9A3965-6BCB-47B9-B722-EAE28D42F50D}.Release|Any CPU.ActiveCfg = Release|Any CPU
		{3D9A3965-6BCB-47B9-B722-EAE28D42F50D}.Release|Any CPU.Build.0 = Release|Any CPU
		{3EDDD961-1735-4A6B-A682-EABE5716B460}.Debug|Any CPU.ActiveCfg = Debug|Any CPU
		{3EDDD961-1735-4A6B-A682-EABE5716B460}.Debug|Any CPU.Build.0 = Debug|Any CPU
		{3EDDD961-1735-4A6B-A682-EABE5716B460}.Release|Any CPU.ActiveCfg = Release|Any CPU
		{3EDDD961-1735-4A6B-A682-EABE5716B460}.Release|Any CPU.Build.0 = Release|Any CPU
		{A4FDCB61-61BF-4C27-B827-F2D40F9C79EA}.Debug|Any CPU.ActiveCfg = Debug|Any CPU
		{A4FDCB61-61BF-4C27-B827-F2D40F9C79EA}.Debug|Any CPU.Build.0 = Debug|Any CPU
		{A4FDCB61-61BF-4C27-B827-F2D40F9C79EA}.Release|Any CPU.ActiveCfg = Release|Any CPU
		{A4FDCB61-61BF-4C27-B827-F2D40F9C79EA}.Release|Any CPU.Build.0 = Release|Any CPU
		{AC427CBD-ED88-4341-A13D-CC7D233B986D}.Debug|Any CPU.ActiveCfg = Debug|Any CPU
		{AC427CBD-ED88-4341-A13D-CC7D233B986D}.Debug|Any CPU.Build.0 = Debug|Any CPU
		{AC427CBD-ED88-4341-A13D-CC7D233B986D}.Release|Any CPU.ActiveCfg = Release|Any CPU
		{AC427CBD-ED88-4341-A13D-CC7D233B986D}.Release|Any CPU.Build.0 = Release|Any CPU
	EndGlobalSection
	GlobalSection(SolutionProperties) = preSolution
		HideSolutionNode = FALSE
	EndGlobalSection
	GlobalSection(NestedProjects) = preSolution
		{3EDDD961-1735-4A6B-A682-EABE5716B460} = {450B709A-C737-4BEF-BEE0-886631736B72}
		{A4FDCB61-61BF-4C27-B827-F2D40F9C79EA} = {450B709A-C737-4BEF-BEE0-886631736B72}
	EndGlobalSection
	GlobalSection(ExtensibilityGlobals) = postSolution
		SolutionGuid = {99E95949-CDC8-4AB0-854B-728CD85D5F46}
	EndGlobalSection
EndGlobal
